<?xml version="1.0" encoding="UTF-8" standalone="yes" ?>
<CodeBlocks_project_file>
	<FileVersion major="1" minor="6" />
	<Project>
		<Option title="forget3d" />
		<Option pch_mode="2" />
		<Option compiler="armelfgcc" />
		<Build>
			<Target title="release">
				<Option output="..\lib\libf3d.a" prefix_auto="0" extension_auto="0" />
				<Option working_dir="" />
				<Option object_output="..\objs\release" />
				<Option type="2" />
				<Option compiler="armelfgcc" />
				<Option createDefFile="1" />
				<Compiler>
					<Add option="-msoft-float" />
					<Add option="-fomit-frame-pointer" />
					<Add option="-O2" />
					<Add option="-include AndroidConfig.h" />
					<Add option="-fpic" />
					<Add option="-ffunction-sections" />
					<Add option="-funwind-tables" />
					<Add option="-fstack-protector" />
					<Add option="-fno-short-enums" />
					<Add option="-fno-rtti" />
					<Add option="-fstrict-aliasing" />
					<Add option="-fno-exceptions" />
					<Add option="-DANDROID" />
					<Add directory="..\include" />
				</Compiler>
				<Linker>
					<Add option="-s" />
				</Linker>
			</Target>
			<Target title="debug">
				<Option output="..\lib\libf3d_d.a" prefix_auto="0" extension_auto="0" />
				<Option working_dir="" />
				<Option object_output="..\objs\debug" />
				<Option type="2" />
				<Option compiler="armelfgcc" />
				<Option createDefFile="1" />
				<Compiler>
					<Add option="-g" />
					<Add option="-include AndroidConfig.h" />
					<Add option="-fpic" />
					<Add option="-ffunction-sections" />
					<Add option="-funwind-tables" />
					<Add option="-fstack-protector" />
					<Add option="-fno-short-enums" />
					<Add option="-fno-rtti" />
					<Add option="-fstrict-aliasing" />
					<Add option="-fno-exceptions" />
					<Add option="-fomit-frame-pointer" />
					<Add option="-DANDROID" />
					<Add option="-DDEBUG" />
					<Add directory="..\include" />
				</Compiler>
			</Target>
		</Build>
		<Unit filename="..\include\camera.h" />
		<Unit filename="..\include\f3d.h" />
		<Unit filename="..\include\f3d_gl.h" />
		<Unit filename="..\include\fog.h" />
		<Unit filename="..\include\font.h" />
		<Unit filename="..\include\image.h" />
		<Unit filename="..\include\light.h" />
		<Unit filename="..\include\mathlib.h" />
		<Unit filename="..\include\model.h" />
		<Unit filename="..\include\model_g3d.h" />
		<Unit filename="..\include\model_md2.h" />
		<Unit filename="..\include\model_ms3d.h" />
		<Unit filename="..\include\plane.h" />
		<Unit filename="..\include\skydome.h" />
		<Unit filename="..\include\terrain.h" />
		<Unit filename="..\include\utils.h" />
		<Unit filename="..\include\world.h" />
		<Unit filename="..\src\camera.cpp" />
		<Unit filename="..\src\fog.cpp" />
		<Unit filename="..\src\font.cpp" />
		<Unit filename="..\src\image.cpp" />
		<Unit filename="..\src\light.cpp" />
		<Unit filename="..\src\mathlib.cpp" />
		<Unit filename="..\src\model.cpp" />
		<Unit filename="..\src\model_g3d.cpp" />
		<Unit filename="..\src\model_md2.cpp" />
		<Unit filename="..\src\model_ms3d.cpp" />
		<Unit filename="..\src\plane.cpp" />
		<Unit filename="..\src\skydome.cpp" />
		<Unit filename="..\src\terrain.cpp" />
		<Unit filename="..\src\utils.cpp" />
		<Unit filename="..\src\world.cpp" />
		<Extensions>
			<code_completion />
			<envvars />
			<debugger />
			<lib_finder disable_auto="1" />
		</Extensions>
	</Project>
</CodeBlocks_project_file>
